
Microsoft Visual Studio Solution File, Format Version 11.00
# Visual Studio 2010
Project("{8BC9CEB8-8B4A-11D0-8D11-00A0C91BC942}") = "dlogDemo", "dlogDemo\dlogDemo.vcxproj", "{733624B6-1DD5-4E7B-BF70-3C5B8D2378CB}"
EndProject
Global
	GlobalSection(SolutionConfigurationPlatforms) = preSolution
		Debug|Win32 = Debug|Win32
		Release|Win32 = Release|Win32
	EndGlobalSection
	GlobalSection(ProjectConfigurationPlatforms) = postSolution
		{733624B6-1DD5-4E7B-BF70-3C5B8D2378CB}.Debug|Win32.ActiveCfg = Debug|Win32
		{733624B6-1DD5-4E7B-BF70-3C5B8D2378CB}.Debug|Win32.Build.0 = Debug|Win32
		{733624B6-1DD5-4E7B-BF70-3C5B8D2378CB}.Release|Win32.ActiveCfg = Release|Win32
		{733624B6-1DD5-4E7B-BF70-3C5B8D2378CB}.Release|Win32.Build.0 = Release|Win32
	EndGlobalSection
	GlobalSection(SolutionProperties) = preSolution
		HideSolutionNode = FALSE
	EndGlobalSection
EndGlobal
